# This file is autogenerated, do not edit; changes may be undone by the next 'dep ensure'.


[[projects]]
  branch = "master"
  name = "github.com/gokyle/twofactor"
  packages = ["."]
  revision = "eaad1884d40f9cabff98a57a524c17afd00c9fe7"

[[projects]]
  branch = "master"
  name = "github.com/mattn/go-zglob"
  packages = [".","fastwalk"]
  revision = "4b74c24375b3b1ee226867156e01996f4e19a8d6"

[[projects]]
  branch = "master"
  name = "golang.org/x/sys"
  packages = ["unix"]
  revision = "4fe5d7925040acd225bf9c7cee65e82d07f06bff"

[[projects]]
  branch = "master"
  name = "rsc.io/qr"
  packages = [".","coding","gf256"]
  revision = "48b2ede4844e13f1a2b7ce4d2529c9af7e359fc5"

[solve-meta]
  analyzer-name = "dep"
  analyzer-version = 1
  inputs-digest = "cf738c6ba5f7f4087970a763781d0a3184aae44ca125d025f7b1a91128b3bd0c"
  solver-name = "gps-cdcl"
  solver-version = 1
