# This file is autogenerated, do not edit; changes may be undone by the next 'dep ensure'.


[[projects]]
  branch = "master"
  name = "github.com/gokyle/twofactor"
  packages = ["."]
  revision = "eaad1884d40f9cabff98a57a524c17afd00c9fe7"

[[projects]]
  branch = "master"
  name = "github.com/mattn/go-zglob"
  packages = [
    ".",
    "fastwalk"
  ]
  revision = "4959821b481786922ac53e7ef25c61ae19fb7c36"

[[projects]]
  name = "github.com/sahilm/fuzzy"
  packages = ["."]
  revision = "0e1c4a4e1f632f936a5c0fa6176076eea01c054b"
  version = "v0.0.3"

[[projects]]
  branch = "master"
  name = "golang.org/x/sys"
  packages = ["unix"]
  revision = "378d26f46672a356c46195c28f61bdb4c0a781dd"

[[projects]]
  branch = "master"
  name = "rsc.io/qr"
  packages = [
    ".",
    "coding",
    "gf256"
  ]
  revision = "48b2ede4844e13f1a2b7ce4d2529c9af7e359fc5"

[solve-meta]
  analyzer-name = "dep"
  analyzer-version = 1
  inputs-digest = "d14ee1e21acbc5485af24c8de94d50a9e3f9154712df345f9320cff01f2d4a37"
  solver-name = "gps-cdcl"
  solver-version = 1
