# This file is autogenerated, do not edit; changes may be undone by the next 'dep ensure'.


[[projects]]
  branch = "master"
  name = "github.com/gokyle/twofactor"
  packages = ["."]
  revision = "5d57d844d43d0e2d9d37c28f9a6e3a14963b284b"

[[projects]]
  branch = "master"
  name = "github.com/mattn/go-zglob"
  packages = [".","fastwalk"]
  revision = "95345c4e1c0ebc9d16a3284177f09360f4d20fab"

[[projects]]
  branch = "master"
  name = "rsc.io/qr"
  packages = [".","coding","gf256"]
  revision = "48b2ede4844e13f1a2b7ce4d2529c9af7e359fc5"

[solve-meta]
  analyzer-name = "dep"
  analyzer-version = 1
  inputs-digest = "f962ba80d83a10086a4fbc92f1ba5ec0ccf46703e0d8a0e2f291d6a156bb8bac"
  solver-name = "gps-cdcl"
  solver-version = 1
